// !$*UTF8*$!
{
	archiveVersion = 1;
	classes = {
	};
	objectVersion = 46;
	objects = {

/* Begin PBXBuildFile section */
		86289B031C882C85003C040D /* MainViewController.m in Sources */ = {isa = PBXBuildFile; fileRef = 86289B011C882C85003C040D /* MainViewController.m */; };
		86289B041C882C85003C040D /* MainViewController.xib in Resources */ = {isa = PBXBuildFile; fileRef = 86289B021C882C85003C040D /* MainViewController.xib */; };
		86289B091C891923003C040D /* MMovieDecoder.m in Sources */ = {isa = PBXBuildFile; fileRef = 86289B081C891923003C040D /* MMovieDecoder.m */; };
		86289B0C1C8934AC003C040D /* MMoviePlayerView.m in Sources */ = {isa = PBXBuildFile; fileRef = 86289B0B1C8934AC003C040D /* MMoviePlayerView.m */; };
		86289B121C893A10003C040D /* UIImage+ConvertToCGImageRef.m in Sources */ = {isa = PBXBuildFile; fileRef = 86289B111C893A10003C040D /* UIImage+ConvertToCGImageRef.m */; };
		86289B161C893D38003C040D /* MMovieViewController.m in Sources */ = {isa = PBXBuildFile; fileRef = 86289B141C893D38003C040D /* MMovieViewController.m */; };
		86289B171C893D38003C040D /* MMovieViewController.xib in Resources */ = {isa = PBXBuildFile; fileRef = 86289B151C893D38003C040D /* MMovieViewController.xib */; };
		86289B1B1C897E2E003C040D /* TranscribeVideoVC.m in Sources */ = {isa = PBXBuildFile; fileRef = 86289B1A1C897E2E003C040D /* TranscribeVideoVC.m */; };
		86289B1D1C898889003C040D /* AssetsLibrary.framework in Frameworks */ = {isa = PBXBuildFile; fileRef = 86289B1C1C898889003C040D /* AssetsLibrary.framework */; };
		86289B1F1C8988FD003C040D /* Photos.framework in Frameworks */ = {isa = PBXBuildFile; fileRef = 86289B1E1C8988FD003C040D /* Photos.framework */; };
		F559F5C51C8725D900E30192 /* main.m in Sources */ = {isa = PBXBuildFile; fileRef = F559F5C41C8725D900E30192 /* main.m */; };
		F559F5C81C8725D900E30192 /* AppDelegate.m in Sources */ = {isa = PBXBuildFile; fileRef = F559F5C71C8725D900E30192 /* AppDelegate.m */; };
		F559F5CE1C8725D900E30192 /* Main.storyboard in Resources */ = {isa = PBXBuildFile; fileRef = F559F5CC1C8725D900E30192 /* Main.storyboard */; };
		F559F5D01C8725D900E30192 /* Assets.xcassets in Resources */ = {isa = PBXBuildFile; fileRef = F559F5CF1C8725D900E30192 /* Assets.xcassets */; };
		F559F5D31C8725D900E30192 /* LaunchScreen.storyboard in Resources */ = {isa = PBXBuildFile; fileRef = F559F5D11C8725D900E30192 /* LaunchScreen.storyboard */; };
		F559F5DE1C8725D900E30192 /* VideoDemoTests.m in Sources */ = {isa = PBXBuildFile; fileRef = F559F5DD1C8725D900E30192 /* VideoDemoTests.m */; };
		F559F5E91C8725D900E30192 /* VideoDemoUITests.m in Sources */ = {isa = PBXBuildFile; fileRef = F559F5E81C8725D900E30192 /* VideoDemoUITests.m */; };
		F559F6231C87303500E30192 /* 2ne1.webm in Resources */ = {isa = PBXBuildFile; fileRef = F559F6181C87303500E30192 /* 2ne1.webm */; };
		F559F6241C87303500E30192 /* test1.mp4 in Resources */ = {isa = PBXBuildFile; fileRef = F559F6191C87303500E30192 /* test1.mp4 */; };
		F559F6251C87303500E30192 /* test2.mp4 in Resources */ = {isa = PBXBuildFile; fileRef = F559F61A1C87303500E30192 /* test2.mp4 */; };
		F559F6261C87303500E30192 /* test3.mp4 in Resources */ = {isa = PBXBuildFile; fileRef = F559F61B1C87303500E30192 /* test3.mp4 */; };
		F559F6271C87303500E30192 /* test4.mp4 in Resources */ = {isa = PBXBuildFile; fileRef = F559F61C1C87303500E30192 /* test4.mp4 */; };
		F559F6281C87303500E30192 /* test5.mp4 in Resources */ = {isa = PBXBuildFile; fileRef = F559F61D1C87303500E30192 /* test5.mp4 */; };
		F559F6291C87303500E30192 /* test6.mp4 in Resources */ = {isa = PBXBuildFile; fileRef = F559F61E1C87303500E30192 /* test6.mp4 */; };
		F559F62A1C87303500E30192 /* bambinoDancewebm in Resources */ = {isa = PBXBuildFile; fileRef = F559F61F1C87303500E30192 /* bambinoDancewebm */; };
		F559F62B1C87303500E30192 /* 小浣熊玩水.webm in Resources */ = {isa = PBXBuildFile; fileRef = F559F6201C87303500E30192 /* 小浣熊玩水.webm */; };
		F559F62C1C87303500E30192 /* test7.mp4 in Resources */ = {isa = PBXBuildFile; fileRef = F559F6211C87303500E30192 /* test7.mp4 */; };
		F559F62D1C87303500E30192 /* 草娥有多可爱.webm in Resources */ = {isa = PBXBuildFile; fileRef = F559F6221C87303500E30192 /* 草娥有多可爱.webm */; };
		F559F6341C87304400E30192 /* VideoCell.m in Sources */ = {isa = PBXBuildFile; fileRef = F559F62F1C87304400E30192 /* VideoCell.m */; };
		F559F6351C87304400E30192 /* VideoCell.xib in Resources */ = {isa = PBXBuildFile; fileRef = F559F6301C87304400E30192 /* VideoCell.xib */; };
		F559F6361C87304400E30192 /* VideoListVC.m in Sources */ = {isa = PBXBuildFile; fileRef = F559F6321C87304400E30192 /* VideoListVC.m */; };
		F559F6371C87304400E30192 /* VideoListVC.xib in Resources */ = {isa = PBXBuildFile; fileRef = F559F6331C87304400E30192 /* VideoListVC.xib */; };
		F559F63B1C87309D00E30192 /* ViewController.m in Sources */ = {isa = PBXBuildFile; fileRef = F559F6391C87309D00E30192 /* ViewController.m */; };
		F559F63C1C87309D00E30192 /* ViewController.xib in Resources */ = {isa = PBXBuildFile; fileRef = F559F63A1C87309D00E30192 /* ViewController.xib */; };
		F559F63F1C8735A600E30192 /* MyAVPlayerView.m in Sources */ = {isa = PBXBuildFile; fileRef = F559F63E1C8735A600E30192 /* MyAVPlayerView.m */; };
		F559F6411C8736D300E30192 /* AVFoundation.framework in Frameworks */ = {isa = PBXBuildFile; fileRef = F559F6401C8736D300E30192 /* AVFoundation.framework */; };
		F559F6431C8736DC00E30192 /* AVKit.framework in Frameworks */ = {isa = PBXBuildFile; fileRef = F559F6421C8736DC00E30192 /* AVKit.framework */; };
/* End PBXBuildFile section */

/* Begin PBXContainerItemProxy section */
		F559F5DA1C8725D900E30192 /* PBXContainerItemProxy */ = {
			isa = PBXContainerItemProxy;
			containerPortal = F559F5B81C8725D900E30192 /* Project object */;
			proxyType = 1;
			remoteGlobalIDString = F559F5BF1C8725D900E30192;
			remoteInfo = VideoDemo;
		};
		F559F5E51C8725D900E30192 /* PBXContainerItemProxy */ = {
			isa = PBXContainerItemProxy;
			containerPortal = F559F5B81C8725D900E30192 /* Project object */;
			proxyType = 1;
			remoteGlobalIDString = F559F5BF1C8725D900E30192;
			remoteInfo = VideoDemo;
		};
/* End PBXContainerItemProxy section */

/* Begin PBXFileReference section */
		86289B001C882C85003C040D /* MainViewController.h */ = {isa = PBXFileReference; fileEncoding = 4; lastKnownFileType = sourcecode.c.h; path = MainViewController.h; sourceTree = "<group>"; };
		86289B011C882C85003C040D /* MainViewController.m */ = {isa = PBXFileReference; fileEncoding = 4; lastKnownFileType = sourcecode.c.objc; path = MainViewController.m; sourceTree = "<group>"; };
		86289B021C882C85003C040D /* MainViewController.xib */ = {isa = PBXFileReference; fileEncoding = 4; lastKnownFileType = file.xib; path = MainViewController.xib; sourceTree = "<group>"; };
		86289B071C891923003C040D /* MMovieDecoder.h */ = {isa = PBXFileReference; fileEncoding = 4; lastKnownFileType = sourcecode.c.h; path = MMovieDecoder.h; sourceTree = "<group>"; };
		86289B081C891923003C040D /* MMovieDecoder.m */ = {isa = PBXFileReference; fileEncoding = 4; lastKnownFileType = sourcecode.c.objc; path = MMovieDecoder.m; sourceTree = "<group>"; };
		86289B0A1C8934AC003C040D /* MMoviePlayerView.h */ = {isa = PBXFileReference; fileEncoding = 4; lastKnownFileType = sourcecode.c.h; path = MMoviePlayerView.h; sourceTree = "<group>"; };
		86289B0B1C8934AC003C040D /* MMoviePlayerView.m */ = {isa = PBXFileReference; fileEncoding = 4; lastKnownFileType = sourcecode.c.objc; path = MMoviePlayerView.m; sourceTree = "<group>"; };
		86289B101C893A10003C040D /* UIImage+ConvertToCGImageRef.h */ = {isa = PBXFileReference; fileEncoding = 4; lastKnownFileType = sourcecode.c.h; path = "UIImage+ConvertToCGImageRef.h"; sourceTree = "<group>"; };
		86289B111C893A10003C040D /* UIImage+ConvertToCGImageRef.m */ = {isa = PBXFileReference; fileEncoding = 4; lastKnownFileType = sourcecode.c.objc; path = "UIImage+ConvertToCGImageRef.m"; sourceTree = "<group>"; };
		86289B131C893D38003C040D /* MMovieViewController.h */ = {isa = PBXFileReference; fileEncoding = 4; lastKnownFileType = sourcecode.c.h; path = MMovieViewController.h; sourceTree = "<group>"; };
		86289B141C893D38003C040D /* MMovieViewController.m */ = {isa = PBXFileReference; fileEncoding = 4; lastKnownFileType = sourcecode.c.objc; path = MMovieViewController.m; sourceTree = "<group>"; };
		86289B151C893D38003C040D /* MMovieViewController.xib */ = {isa = PBXFileReference; fileEncoding = 4; lastKnownFileType = file.xib; path = MMovieViewController.xib; sourceTree = "<group>"; };
		86289B191C897E2E003C040D /* TranscribeVideoVC.h */ = {isa = PBXFileReference; fileEncoding = 4; lastKnownFileType = sourcecode.c.h; path = TranscribeVideoVC.h; sourceTree = "<group>"; };
		86289B1A1C897E2E003C040D /* TranscribeVideoVC.m */ = {isa = PBXFileReference; fileEncoding = 4; lastKnownFileType = sourcecode.c.objc; path = TranscribeVideoVC.m; sourceTree = "<group>"; };
		86289B1C1C898889003C040D /* AssetsLibrary.framework */ = {isa = PBXFileReference; lastKnownFileType = wrapper.framework; name = AssetsLibrary.framework; path = System/Library/Frameworks/AssetsLibrary.framework; sourceTree = SDKROOT; };
		86289B1E1C8988FD003C040D /* Photos.framework */ = {isa = PBXFileReference; lastKnownFileType = wrapper.framework; name = Photos.framework; path = System/Library/Frameworks/Photos.framework; sourceTree = SDKROOT; };
		F559F5C01C8725D900E30192 /* VideoDemo.app */ = {isa = PBXFileReference; explicitFileType = wrapper.application; includeInIndex = 0; path = VideoDemo.app; sourceTree = BUILT_PRODUCTS_DIR; };
		F559F5C41C8725D900E30192 /* main.m */ = {isa = PBXFileReference; lastKnownFileType = sourcecode.c.objc; path = main.m; sourceTree = "<group>"; };
		F559F5C61C8725D900E30192 /* AppDelegate.h */ = {isa = PBXFileReference; lastKnownFileType = sourcecode.c.h; path = AppDelegate.h; sourceTree = "<group>"; };
		F559F5C71C8725D900E30192 /* AppDelegate.m */ = {isa = PBXFileReference; lastKnownFileType = sourcecode.c.objc; path = AppDelegate.m; sourceTree = "<group>"; };
		F559F5CD1C8725D900E30192 /* Base */ = {isa = PBXFileReference; lastKnownFileType = file.storyboard; name = Base; path = Base.lproj/Main.storyboard; sourceTree = "<group>"; };
		F559F5CF1C8725D900E30192 /* Assets.xcassets */ = {isa = PBXFileReference; lastKnownFileType = folder.assetcatalog; path = Assets.xcassets; sourceTree = "<group>"; };
		F559F5D21C8725D900E30192 /* Base */ = {isa = PBXFileReference; lastKnownFileType = file.storyboard; name = Base; path = Base.lproj/LaunchScreen.storyboard; sourceTree = "<group>"; };
		F559F5D41C8725D900E30192 /* Info.plist */ = {isa = PBXFileReference; lastKnownFileType = text.plist.xml; path = Info.plist; sourceTree = "<group>"; };
		F559F5D91C8725D900E30192 /* VideoDemoTests.xctest */ = {isa = PBXFileReference; explicitFileType = wrapper.cfbundle; includeInIndex = 0; path = VideoDemoTests.xctest; sourceTree = BUILT_PRODUCTS_DIR; };
		F559F5DD1C8725D900E30192 /* VideoDemoTests.m */ = {isa = PBXFileReference; lastKnownFileType = sourcecode.c.objc; path = VideoDemoTests.m; sourceTree = "<group>"; };
		F559F5DF1C8725D900E30192 /* Info.plist */ = {isa = PBXFileReference; lastKnownFileType = text.plist.xml; path = Info.plist; sourceTree = "<group>"; };
		F559F5E41C8725D900E30192 /* VideoDemoUITests.xctest */ = {isa = PBXFileReference; explicitFileType = wrapper.cfbundle; includeInIndex = 0; path = VideoDemoUITests.xctest; sourceTree = BUILT_PRODUCTS_DIR; };
		F559F5E81C8725D900E30192 /* VideoDemoUITests.m */ = {isa = PBXFileReference; lastKnownFileType = sourcecode.c.objc; path = VideoDemoUITests.m; sourceTree = "<group>"; };
		F559F5EA1C8725D900E30192 /* Info.plist */ = {isa = PBXFileReference; lastKnownFileType = text.plist.xml; path = Info.plist; sourceTree = "<group>"; };
		F559F6181C87303500E30192 /* 2ne1.webm */ = {isa = PBXFileReference; lastKnownFileType = file; path = 2ne1.webm; sourceTree = "<group>"; };
		F559F6191C87303500E30192 /* test1.mp4 */ = {isa = PBXFileReference; lastKnownFileType = file; path = test1.mp4; sourceTree = "<group>"; };
		F559F61A1C87303500E30192 /* test2.mp4 */ = {isa = PBXFileReference; lastKnownFileType = file; path = test2.mp4; sourceTree = "<group>"; };
		F559F61B1C87303500E30192 /* test3.mp4 */ = {isa = PBXFileReference; lastKnownFileType = file; path = test3.mp4; sourceTree = "<group>"; };
		F559F61C1C87303500E30192 /* test4.mp4 */ = {isa = PBXFileReference; lastKnownFileType = file; path = test4.mp4; sourceTree = "<group>"; };
		F559F61D1C87303500E30192 /* test5.mp4 */ = {isa = PBXFileReference; lastKnownFileType = file; path = test5.mp4; sourceTree = "<group>"; };
		F559F61E1C87303500E30192 /* test6.mp4 */ = {isa = PBXFileReference; lastKnownFileType = file; path = test6.mp4; sourceTree = "<group>"; };
		F559F61F1C87303500E30192 /* bambinoDancewebm */ = {isa = PBXFileReference; lastKnownFileType = file; path = bambinoDancewebm; sourceTree = "<group>"; };
		F559F6201C87303500E30192 /* 小浣熊玩水.webm */ = {isa = PBXFileReference; lastKnownFileType = file; path = "小浣熊玩水.webm"; sourceTree = "<group>"; };
		F559F6211C87303500E30192 /* test7.mp4 */ = {isa = PBXFileReference; lastKnownFileType = file; path = test7.mp4; sourceTree = "<group>"; };
		F559F6221C87303500E30192 /* 草娥有多可爱.webm */ = {isa = PBXFileReference; lastKnownFileType = file; path = "草娥有多可爱.webm"; sourceTree = "<group>"; };
		F559F62E1C87304400E30192 /* VideoCell.h */ = {isa = PBXFileReference; fileEncoding = 4; lastKnownFileType = sourcecode.c.h; path = VideoCell.h; sourceTree = "<group>"; };
		F559F62F1C87304400E30192 /* VideoCell.m */ = {isa = PBXFileReference; fileEncoding = 4; lastKnownFileType = sourcecode.c.objc; path = VideoCell.m; sourceTree = "<group>"; };
		F559F6301C87304400E30192 /* VideoCell.xib */ = {isa = PBXFileReference; fileEncoding = 4; lastKnownFileType = file.xib; path = VideoCell.xib; sourceTree = "<group>"; };
		F559F6311C87304400E30192 /* VideoListVC.h */ = {isa = PBXFileReference; fileEncoding = 4; lastKnownFileType = sourcecode.c.h; path = VideoListVC.h; sourceTree = "<group>"; };
		F559F6321C87304400E30192 /* VideoListVC.m */ = {isa = PBXFileReference; fileEncoding = 4; lastKnownFileType = sourcecode.c.objc; path = VideoListVC.m; sourceTree = "<group>"; };
		F559F6331C87304400E30192 /* VideoListVC.xib */ = {isa = PBXFileReference; fileEncoding = 4; lastKnownFileType = file.xib; path = VideoListVC.xib; sourceTree = "<group>"; };
		F559F6381C87309D00E30192 /* ViewController.h */ = {isa = PBXFileReference; fileEncoding = 4; lastKnownFileType = sourcecode.c.h; path = ViewController.h; sourceTree = "<group>"; };
		F559F6391C87309D00E30192 /* ViewController.m */ = {isa = PBXFileReference; fileEncoding = 4; lastKnownFileType = sourcecode.c.objc; path = ViewController.m; sourceTree = "<group>"; };
		F559F63A1C87309D00E30192 /* ViewController.xib */ = {isa = PBXFileReference; fileEncoding = 4; lastKnownFileType = file.xib; path = ViewController.xib; sourceTree = "<group>"; };
		F559F63D1C8735A600E30192 /* MyAVPlayerView.h */ = {isa = PBXFileReference; fileEncoding = 4; lastKnownFileType = sourcecode.c.h; path = MyAVPlayerView.h; sourceTree = "<group>"; };
		F559F63E1C8735A600E30192 /* MyAVPlayerView.m */ = {isa = PBXFileReference; fileEncoding = 4; lastKnownFileType = sourcecode.c.objc; path = MyAVPlayerView.m; sourceTree = "<group>"; };
		F559F6401C8736D300E30192 /* AVFoundation.framework */ = {isa = PBXFileReference; lastKnownFileType = wrapper.framework; name = AVFoundation.framework; path = System/Library/Frameworks/AVFoundation.framework; sourceTree = SDKROOT; };
		F559F6421C8736DC00E30192 /* AVKit.framework */ = {isa = PBXFileReference; lastKnownFileType = wrapper.framework; name = AVKit.framework; path = System/Library/Frameworks/AVKit.framework; sourceTree = SDKROOT; };
/* End PBXFileReference section */

/* Begin PBXFrameworksBuildPhase section */
		F559F5BD1C8725D900E30192 /* Frameworks */ = {
			isa = PBXFrameworksBuildPhase;
			buildActionMask = 2147483647;
			files = (
				86289B1F1C8988FD003C040D /* Photos.framework in Frameworks */,
				86289B1D1C898889003C040D /* AssetsLibrary.framework in Frameworks */,
				F559F6431C8736DC00E30192 /* AVKit.framework in Frameworks */,
				F559F6411C8736D300E30192 /* AVFoundation.framework in Frameworks */,
			);
			runOnlyForDeploymentPostprocessing = 0;
		};
		F559F5D61C8725D900E30192 /* Frameworks */ = {
			isa = PBXFrameworksBuildPhase;
			buildActionMask = 2147483647;
			files = (
			);
			runOnlyForDeploymentPostprocessing = 0;
		};
		F559F5E11C8725D900E30192 /* Frameworks */ = {
			isa = PBXFrameworksBuildPhase;
			buildActionMask = 2147483647;
			files = (
			);
			runOnlyForDeploymentPostprocessing = 0;
		};
/* End PBXFrameworksBuildPhase section */

/* Begin PBXGroup section */
		86289B051C882C98003C040D /* 方案一AVPlayer播放 */ = {
			isa = PBXGroup;
			children = (
				F559F6381C87309D00E30192 /* ViewController.h */,
				F559F6391C87309D00E30192 /* ViewController.m */,
				F559F63A1C87309D00E30192 /* ViewController.xib */,
				F559F5CC1C8725D900E30192 /* Main.storyboard */,
				F559F63D1C8735A600E30192 /* MyAVPlayerView.h */,
				F559F63E1C8735A600E30192 /* MyAVPlayerView.m */,
				F559F62E1C87304400E30192 /* VideoCell.h */,
				F559F62F1C87304400E30192 /* VideoCell.m */,
				F559F6301C87304400E30192 /* VideoCell.xib */,
				F559F6311C87304400E30192 /* VideoListVC.h */,
				F559F6321C87304400E30192 /* VideoListVC.m */,
				F559F6331C87304400E30192 /* VideoListVC.xib */,
			);
			name = "方案一AVPlayer播放";
			sourceTree = "<group>";
		};
		86289B061C882CD1003C040D /* 方案二自定义播放器 */ = {
			isa = PBXGroup;
			children = (
				86289B071C891923003C040D /* MMovieDecoder.h */,
				86289B081C891923003C040D /* MMovieDecoder.m */,
				86289B0A1C8934AC003C040D /* MMoviePlayerView.h */,
				86289B0B1C8934AC003C040D /* MMoviePlayerView.m */,
				86289B101C893A10003C040D /* UIImage+ConvertToCGImageRef.h */,
				86289B111C893A10003C040D /* UIImage+ConvertToCGImageRef.m */,
				86289B131C893D38003C040D /* MMovieViewController.h */,
				86289B141C893D38003C040D /* MMovieViewController.m */,
				86289B151C893D38003C040D /* MMovieViewController.xib */,
			);
			name = "方案二自定义播放器";
			sourceTree = "<group>";
		};
		86289B181C897C76003C040D /* 视频录制 */ = {
			isa = PBXGroup;
			children = (
				86289B191C897E2E003C040D /* TranscribeVideoVC.h */,
				86289B1A1C897E2E003C040D /* TranscribeVideoVC.m */,
			);
			name = "视频录制";
			sourceTree = "<group>";
		};
		F559F5B71C8725D900E30192 = {
			isa = PBXGroup;
			children = (
				86289B1E1C8988FD003C040D /* Photos.framework */,
				86289B1C1C898889003C040D /* AssetsLibrary.framework */,
				F559F5C21C8725D900E30192 /* VideoDemo */,
				F559F5DC1C8725D900E30192 /* VideoDemoTests */,
				F559F5E71C8725D900E30192 /* VideoDemoUITests */,
				F559F5C11C8725D900E30192 /* Products */,
			);
			sourceTree = "<group>";
		};
		F559F5C11C8725D900E30192 /* Products */ = {
			isa = PBXGroup;
			children = (
				F559F5C01C8725D900E30192 /* VideoDemo.app */,
				F559F5D91C8725D900E30192 /* VideoDemoTests.xctest */,
				F559F5E41C8725D900E30192 /* VideoDemoUITests.xctest */,
			);
			name = Products;
			sourceTree = "<group>";
		};
		F559F5C21C8725D900E30192 /* VideoDemo */ = {
			isa = PBXGroup;
			children = (
				F559F5C61C8725D900E30192 /* AppDelegate.h */,
				F559F5C71C8725D900E30192 /* AppDelegate.m */,
				86289B181C897C76003C040D /* 视频录制 */,
				86289B061C882CD1003C040D /* 方案二自定义播放器 */,
				86289B051C882C98003C040D /* 方案一AVPlayer播放 */,
				86289B001C882C85003C040D /* MainViewController.h */,
				86289B011C882C85003C040D /* MainViewController.m */,
				86289B021C882C85003C040D /* MainViewController.xib */,
				F559F6441C873BE100E30192 /* Frameworks */,
				F559F6171C87303500E30192 /* Resources */,
				F559F5CF1C8725D900E30192 /* Assets.xcassets */,
				F559F5D11C8725D900E30192 /* LaunchScreen.storyboard */,
				F559F5D41C8725D900E30192 /* Info.plist */,
				F559F5C31C8725D900E30192 /* Supporting Files */,
			);
			path = VideoDemo;
			sourceTree = "<group>";
		};
		F559F5C31C8725D900E30192 /* Supporting Files */ = {
			isa = PBXGroup;
			children = (
				F559F5C41C8725D900E30192 /* main.m */,
			);
			name = "Supporting Files";
			sourceTree = "<group>";
		};
		F559F5DC1C8725D900E30192 /* VideoDemoTests */ = {
			isa = PBXGroup;
			children = (
				F559F5DD1C8725D900E30192 /* VideoDemoTests.m */,
				F559F5DF1C8725D900E30192 /* Info.plist */,
			);
			path = VideoDemoTests;
			sourceTree = "<group>";
		};
		F559F5E71C8725D900E30192 /* VideoDemoUITests */ = {
			isa = PBXGroup;
			children = (
				F559F5E81C8725D900E30192 /* VideoDemoUITests.m */,
				F559F5EA1C8725D900E30192 /* Info.plist */,
			);
			path = VideoDemoUITests;
			sourceTree = "<group>";
		};
		F559F6171C87303500E30192 /* Resources */ = {
			isa = PBXGroup;
			children = (
				F559F6181C87303500E30192 /* 2ne1.webm */,
				F559F6191C87303500E30192 /* test1.mp4 */,
				F559F61A1C87303500E30192 /* test2.mp4 */,
				F559F61B1C87303500E30192 /* test3.mp4 */,
				F559F61C1C87303500E30192 /* test4.mp4 */,
				F559F61D1C87303500E30192 /* test5.mp4 */,
				F559F61E1C87303500E30192 /* test6.mp4 */,
				F559F61F1C87303500E30192 /* bambinoDancewebm */,
				F559F6201C87303500E30192 /* 小浣熊玩水.webm */,
				F559F6211C87303500E30192 /* test7.mp4 */,
				F559F6221C87303500E30192 /* 草娥有多可爱.webm */,
			);
			path = Resources;
			sourceTree = "<group>";
		};
		F559F6441C873BE100E30192 /* Frameworks */ = {
			isa = PBXGroup;
			children = (
				F559F6421C8736DC00E30192 /* AVKit.framework */,
				F559F6401C8736D300E30192 /* AVFoundation.framework */,
			);
			name = Frameworks;
			sourceTree = "<group>";
		};
/* End PBXGroup section */

/* Begin PBXNativeTarget section */
		F559F5BF1C8725D900E30192 /* VideoDemo */ = {
			isa = PBXNativeTarget;
			buildConfigurationList = F559F5ED1C8725D900E30192 /* Build configuration list for PBXNativeTarget "VideoDemo" */;
			buildPhases = (
				F559F5BC1C8725D900E30192 /* Sources */,
				F559F5BD1C8725D900E30192 /* Frameworks */,
				F559F5BE1C8725D900E30192 /* Resources */,
			);
			buildRules = (
			);
			dependencies = (
			);
			name = VideoDemo;
			productName = VideoDemo;
			productReference = F559F5C01C8725D900E30192 /* VideoDemo.app */;
			productType = "com.apple.product-type.application";
		};
		F559F5D81C8725D900E30192 /* VideoDemoTests */ = {
			isa = PBXNativeTarget;
			buildConfigurationList = F559F5F01C8725D900E30192 /* Build configuration list for PBXNativeTarget "VideoDemoTests" */;
			buildPhases = (
				F559F5D51C8725D900E30192 /* Sources */,
				F559F5D61C8725D900E30192 /* Frameworks */,
				F559F5D71C8725D900E30192 /* Resources */,
			);
			buildRules = (
			);
			dependencies = (
				F559F5DB1C8725D900E30192 /* PBXTargetDependency */,
			);
			name = VideoDemoTests;
			productName = VideoDemoTests;
			productReference = F559F5D91C8725D900E30192 /* VideoDemoTests.xctest */;
			productType = "com.apple.product-type.bundle.unit-test";
		};
		F559F5E31C8725D900E30192 /* VideoDemoUITests */ = {
			isa = PBXNativeTarget;
			buildConfigurationList = F559F5F31C8725D900E30192 /* Build configuration list for PBXNativeTarget "VideoDemoUITests" */;
			buildPhases = (
				F559F5E01C8725D900E30192 /* Sources */,
				F559F5E11C8725D900E30192 /* Frameworks */,
				F559F5E21C8725D900E30192 /* Resources */,
			);
			buildRules = (
			);
			dependencies = (
				F559F5E61C8725D900E30192 /* PBXTargetDependency */,
			);
			name = VideoDemoUITests;
			productName = VideoDemoUITests;
			productReference = F559F5E41C8725D900E30192 /* VideoDemoUITests.xctest */;
			productType = "com.apple.product-type.bundle.ui-testing";
		};
/* End PBXNativeTarget section */

/* Begin PBXProject section */
		F559F5B81C8725D900E30192 /* Project object */ = {
			isa = PBXProject;
			attributes = {
				LastUpgradeCheck = 0720;
				ORGANIZATIONNAME = zgl;
				TargetAttributes = {
					F559F5BF1C8725D900E30192 = {
						CreatedOnToolsVersion = 7.2;
						DevelopmentTeam = 7P7NH6349M;
					};
					F559F5D81C8725D900E30192 = {
						CreatedOnToolsVersion = 7.2;
						DevelopmentTeam = P8HMCUF5JG;
						TestTargetID = F559F5BF1C8725D900E30192;
					};
					F559F5E31C8725D900E30192 = {
						CreatedOnToolsVersion = 7.2;
						DevelopmentTeam = P8HMCUF5JG;
						TestTargetID = F559F5BF1C8725D900E30192;
					};
				};
			};
			buildConfigurationList = F559F5BB1C8725D900E30192 /* Build configuration list for PBXProject "VideoDemo" */;
			compatibilityVersion = "Xcode 3.2";
			developmentRegion = English;
			hasScannedForEncodings = 0;
			knownRegions = (
				en,
				Base,
			);
			mainGroup = F559F5B71C8725D900E30192;
			productRefGroup = F559F5C11C8725D900E30192 /* Products */;
			projectDirPath = "";
			projectRoot = "";
			targets = (
				F559F5BF1C8725D900E30192 /* VideoDemo */,
				F559F5D81C8725D900E30192 /* VideoDemoTests */,
				F559F5E31C8725D900E30192 /* VideoDemoUITests */,
			);
		};
/* End PBXProject section */

/* Begin PBXResourcesBuildPhase section */
		F559F5BE1C8725D900E30192 /* Resources */ = {
			isa = PBXResourcesBuildPhase;
			buildActionMask = 2147483647;
			files = (
				F559F6351C87304400E30192 /* VideoCell.xib in Resources */,
				F559F63C1C87309D00E30192 /* ViewController.xib in Resources */,
				F559F6261C87303500E30192 /* test3.mp4 in Resources */,
				F559F6281C87303500E30192 /* test5.mp4 in Resources */,
				F559F6251C87303500E30192 /* test2.mp4 in Resources */,
				F559F6231C87303500E30192 /* 2ne1.webm in Resources */,
				F559F6241C87303500E30192 /* test1.mp4 in Resources */,
				86289B171C893D38003C040D /* MMovieViewController.xib in Resources */,
				F559F5D31C8725D900E30192 /* LaunchScreen.storyboard in Resources */,
				F559F5D01C8725D900E30192 /* Assets.xcassets in Resources */,
				F559F62A1C87303500E30192 /* bambinoDancewebm in Resources */,
				F559F62B1C87303500E30192 /* 小浣熊玩水.webm in Resources */,
				F559F6271C87303500E30192 /* test4.mp4 in Resources */,
				F559F6291C87303500E30192 /* test6.mp4 in Resources */,
				86289B041C882C85003C040D /* MainViewController.xib in Resources */,
				F559F6371C87304400E30192 /* VideoListVC.xib in Resources */,
				F559F62D1C87303500E30192 /* 草娥有多可爱.webm in Resources */,
				F559F62C1C87303500E30192 /* test7.mp4 in Resources */,
				F559F5CE1C8725D900E30192 /* Main.storyboard in Resources */,
			);
			runOnlyForDeploymentPostprocessing = 0;
		};
		F559F5D71C8725D900E30192 /* Resources */ = {
			isa = PBXResourcesBuildPhase;
			buildActionMask = 2147483647;
			files = (
			);
			runOnlyForDeploymentPostprocessing = 0;
		};
		F559F5E21C8725D900E30192 /* Resources */ = {
			isa = PBXResourcesBuildPhase;
			buildActionMask = 2147483647;
			files = (
			);
			runOnlyForDeploymentPostprocessing = 0;
		};
/* End PBXResourcesBuildPhase section */

/* Begin PBXSourcesBuildPhase section */
		F559F5BC1C8725D900E30192 /* Sources */ = {
			isa = PBXSourcesBuildPhase;
			buildActionMask = 2147483647;
			files = (
				86289B121C893A10003C040D /* UIImage+ConvertToCGImageRef.m in Sources */,
				F559F6361C87304400E30192 /* VideoListVC.m in Sources */,
				F559F5C81C8725D900E30192 /* AppDelegate.m in Sources */,
				86289B1B1C897E2E003C040D /* TranscribeVideoVC.m in Sources */,
				F559F6341C87304400E30192 /* VideoCell.m in Sources */,
				F559F5C51C8725D900E30192 /* main.m in Sources */,
				86289B031C882C85003C040D /* MainViewController.m in Sources */,
				86289B0C1C8934AC003C040D /* MMoviePlayerView.m in Sources */,
				86289B091C891923003C040D /* MMovieDecoder.m in Sources */,
				F559F63F1C8735A600E30192 /* MyAVPlayerView.m in Sources */,
				F559F63B1C87309D00E30192 /* ViewController.m in Sources */,
				86289B161C893D38003C040D /* MMovieViewController.m in Sources */,
			);
			runOnlyForDeploymentPostprocessing = 0;
		};
		F559F5D51C8725D900E30192 /* Sources */ = {
			isa = PBXSourcesBuildPhase;
			buildActionMask = 2147483647;
			files = (
				F559F5DE1C8725D900E30192 /* VideoDemoTests.m in Sources */,
			);
			runOnlyForDeploymentPostprocessing = 0;
		};
		F559F5E01C8725D900E30192 /* Sources */ = {
			isa = PBXSourcesBuildPhase;
			buildActionMask = 2147483647;
			files = (
				F559F5E91C8725D900E30192 /* VideoDemoUITests.m in Sources */,
			);
			runOnlyForDeploymentPostprocessing = 0;
		};
/* End PBXSourcesBuildPhase section */

/* Begin PBXTargetDependency section */
		F559F5DB1C8725D900E30192 /* PBXTargetDependency */ = {
			isa = PBXTargetDependency;
			target = F559F5BF1C8725D900E30192 /* VideoDemo */;
			targetProxy = F559F5DA1C8725D900E30192 /* PBXContainerItemProxy */;
		};
		F559F5E61C8725D900E30192 /* PBXTargetDependency */ = {
			isa = PBXTargetDependency;
			target = F559F5BF1C8725D900E30192 /* VideoDemo */;
			targetProxy = F559F5E51C8725D900E30192 /* PBXContainerItemProxy */;
		};
/* End PBXTargetDependency section */

/* Begin PBXVariantGroup section */
		F559F5CC1C8725D900E30192 /* Main.storyboard */ = {
			isa = PBXVariantGroup;
			children = (
				F559F5CD1C8725D900E30192 /* Base */,
			);
			name = Main.storyboard;
			sourceTree = "<group>";
		};
		F559F5D11C8725D900E30192 /* LaunchScreen.storyboard */ = {
			isa = PBXVariantGroup;
			children = (
				F559F5D21C8725D900E30192 /* Base */,
			);
			name = LaunchScreen.storyboard;
			sourceTree = "<group>";
		};
/* End PBXVariantGroup section */

/* Begin XCBuildConfiguration section */
		F559F5EB1C8725D900E30192 /* Debug */ = {
			isa = XCBuildConfiguration;
			buildSettings = {
				ALWAYS_SEARCH_USER_PATHS = NO;
				CLANG_CXX_LANGUAGE_STANDARD = "gnu++0x";
				CLANG_CXX_LIBRARY = "libc++";
				CLANG_ENABLE_MODULES = YES;
				CLANG_ENABLE_OBJC_ARC = YES;
				CLANG_WARN_BOOL_CONVERSION = YES;
				CLANG_WARN_CONSTANT_CONVERSION = YES;
				CLANG_WARN_DIRECT_OBJC_ISA_USAGE = YES_ERROR;
				CLANG_WARN_EMPTY_BODY = YES;
				CLANG_WARN_ENUM_CONVERSION = YES;
				CLANG_WARN_INT_CONVERSION = YES;
				CLANG_WARN_OBJC_ROOT_CLASS = YES_ERROR;
				CLANG_WARN_UNREACHABLE_CODE = YES;
				CLANG_WARN__DUPLICATE_METHOD_MATCH = YES;
				"CODE_SIGN_IDENTITY[sdk=iphoneos*]" = "iPhone Developer";
				COPY_PHASE_STRIP = NO;
				DEBUG_INFORMATION_FORMAT = dwarf;
				ENABLE_STRICT_OBJC_MSGSEND = YES;
				ENABLE_TESTABILITY = YES;
				GCC_C_LANGUAGE_STANDARD = gnu99;
				GCC_DYNAMIC_NO_PIC = NO;
				GCC_NO_COMMON_BLOCKS = YES;
				GCC_OPTIMIZATION_LEVEL = 0;
				GCC_PREPROCESSOR_DEFINITIONS = (
					"DEBUG=1",
					"$(inherited)",
				);
				GCC_WARN_64_TO_32_BIT_CONVERSION = YES;
				GCC_WARN_ABOUT_RETURN_TYPE = YES_ERROR;
				GCC_WARN_UNDECLARED_SELECTOR = YES;
				GCC_WARN_UNINITIALIZED_AUTOS = YES_AGGRESSIVE;
				GCC_WARN_UNUSED_FUNCTION = YES;
				GCC_WARN_UNUSED_VARIABLE = YES;
				IPHONEOS_DEPLOYMENT_TARGET = 9.2;
				MTL_ENABLE_DEBUG_INFO = YES;
				ONLY_ACTIVE_ARCH = YES;
				SDKROOT = iphoneos;
				TARGETED_DEVICE_FAMILY = "1,2";
			};
			name = Debug;
		};
		F559F5EC1C8725D900E30192 /* Release */ = {
			isa = XCBuildConfiguration;
			buildSettings = {
				ALWAYS_SEARCH_USER_PATHS = NO;
				CLANG_CXX_LANGUAGE_STANDARD = "gnu++0x";
				CLANG_CXX_LIBRARY = "libc++";
				CLANG_ENABLE_MODULES = YES;
				CLANG_ENABLE_OBJC_ARC = YES;
				CLANG_WARN_BOOL_CONVERSION = YES;
				CLANG_WARN_CONSTANT_CONVERSION = YES;
				CLANG_WARN_DIRECT_OBJC_ISA_USAGE = YES_ERROR;
				CLANG_WARN_EMPTY_BODY = YES;
				CLANG_WARN_ENUM_CONVERSION = YES;
				CLANG_WARN_INT_CONVERSION = YES;
				CLANG_WARN_OBJC_ROOT_CLASS = YES_ERROR;
				CLANG_WARN_UNREACHABLE_CODE = YES;
				CLANG_WARN__DUPLICATE_METHOD_MATCH = YES;
				"CODE_SIGN_IDENTITY[sdk=iphoneos*]" = "iPhone Developer";
				COPY_PHASE_STRIP = NO;
				DEBUG_INFORMATION_FORMAT = "dwarf-with-dsym";
				ENABLE_NS_ASSERTIONS = NO;
				ENABLE_STRICT_OBJC_MSGSEND = YES;
				GCC_C_LANGUAGE_STANDARD = gnu99;
				GCC_NO_COMMON_BLOCKS = YES;
				GCC_WARN_64_TO_32_BIT_CONVERSION = YES;
				GCC_WARN_ABOUT_RETURN_TYPE = YES_ERROR;
				GCC_WARN_UNDECLARED_SELECTOR = YES;
				GCC_WARN_UNINITIALIZED_AUTOS = YES_AGGRESSIVE;
				GCC_WARN_UNUSED_FUNCTION = YES;
				GCC_WARN_UNUSED_VARIABLE = YES;
				IPHONEOS_DEPLOYMENT_TARGET = 9.2;
				MTL_ENABLE_DEBUG_INFO = NO;
				SDKROOT = iphoneos;
				TARGETED_DEVICE_FAMILY = "1,2";
				VALIDATE_PRODUCT = YES;
			};
			name = Release;
		};
		F559F5EE1C8725D900E30192 /* Debug */ = {
			isa = XCBuildConfiguration;
			buildSettings = {
				ASSETCATALOG_COMPILER_APPICON_NAME = AppIcon;
				CODE_SIGN_IDENTITY = "iPhone Developer";
				"CODE_SIGN_IDENTITY[sdk=iphoneos*]" = "iPhone Developer";
				INFOPLIST_FILE = VideoDemo/Info.plist;
				LD_RUNPATH_SEARCH_PATHS = "$(inherited) @executable_path/Frameworks";
				PRODUCT_BUNDLE_IDENTIFIER = com.caxa.VideoDemo;
				PRODUCT_NAME = "$(TARGET_NAME)";
				PROVISIONING_PROFILE = "";
			};
			name = Debug;
		};
		F559F5EF1C8725D900E30192 /* Release */ = {
			isa = XCBuildConfiguration;
			buildSettings = {
				ASSETCATALOG_COMPILER_APPICON_NAME = AppIcon;
				CODE_SIGN_IDENTITY = "iPhone Developer";
				"CODE_SIGN_IDENTITY[sdk=iphoneos*]" = "iPhone Developer";
				INFOPLIST_FILE = VideoDemo/Info.plist;
				LD_RUNPATH_SEARCH_PATHS = "$(inherited) @executable_path/Frameworks";
				PRODUCT_BUNDLE_IDENTIFIER = com.caxa.VideoDemo;
				PRODUCT_NAME = "$(TARGET_NAME)";
				PROVISIONING_PROFILE = "";
			};
			name = Release;
		};
		F559F5F11C8725D900E30192 /* Debug */ = {
			isa = XCBuildConfiguration;
			buildSettings = {
				BUNDLE_LOADER = "$(TEST_HOST)";
				INFOPLIST_FILE = VideoDemoTests/Info.plist;
				LD_RUNPATH_SEARCH_PATHS = "$(inherited) @executable_path/Frameworks @loader_path/Frameworks";
				PRODUCT_BUNDLE_IDENTIFIER = com.caxa.VideoDemoTests;
				PRODUCT_NAME = "$(TARGET_NAME)";
				TEST_HOST = "$(BUILT_PRODUCTS_DIR)/VideoDemo.app/VideoDemo";
			};
			name = Debug;
		};
		F559F5F21C8725D900E30192 /* Release */ = {
			isa = XCBuildConfiguration;
			buildSettings = {
				BUNDLE_LOADER = "$(TEST_HOST)";
				INFOPLIST_FILE = VideoDemoTests/Info.plist;
				LD_RUNPATH_SEARCH_PATHS = "$(inherited) @executable_path/Frameworks @loader_path/Frameworks";
				PRODUCT_BUNDLE_IDENTIFIER = com.caxa.VideoDemoTests;
				PRODUCT_NAME = "$(TARGET_NAME)";
				TEST_HOST = "$(BUILT_PRODUCTS_DIR)/VideoDemo.app/VideoDemo";
			};
			name = Release;
		};
		F559F5F41C8725D900E30192 /* Debug */ = {
			isa = XCBuildConfiguration;
			buildSettings = {
				INFOPLIST_FILE = VideoDemoUITests/Info.plist;
				LD_RUNPATH_SEARCH_PATHS = "$(inherited) @executable_path/Frameworks @loader_path/Frameworks";
				PRODUCT_BUNDLE_IDENTIFIER = com.caxa.VideoDemoUITests;
				PRODUCT_NAME = "$(TARGET_NAME)";
				TEST_TARGET_NAME = VideoDemo;
				USES_XCTRUNNER = YES;
			};
			name = Debug;
		};
		F559F5F51C8725D900E30192 /* Release */ = {
			isa = XCBuildConfiguration;
			buildSettings = {
				INFOPLIST_FILE = VideoDemoUITests/Info.plist;
				LD_RUNPATH_SEARCH_PATHS = "$(inherited) @executable_path/Frameworks @loader_path/Frameworks";
				PRODUCT_BUNDLE_IDENTIFIER = com.caxa.VideoDemoUITests;
				PRODUCT_NAME = "$(TARGET_NAME)";
				TEST_TARGET_NAME = VideoDemo;
				USES_XCTRUNNER = YES;
			};
			name = Release;
		};
/* End XCBuildConfiguration section */

/* Begin XCConfigurationList section */
		F559F5BB1C8725D900E30192 /* Build configuration list for PBXProject "VideoDemo" */ = {
			isa = XCConfigurationList;
			buildConfigurations = (
				F559F5EB1C8725D900E30192 /* Debug */,
				F559F5EC1C8725D900E30192 /* Release */,
			);
			defaultConfigurationIsVisible = 0;
			defaultConfigurationName = Release;
		};
		F559F5ED1C8725D900E30192 /* Build configuration list for PBXNativeTarget "VideoDemo" */ = {
			isa = XCConfigurationList;
			buildConfigurations = (
				F559F5EE1C8725D900E30192 /* Debug */,
				F559F5EF1C8725D900E30192 /* Release */,
			);
			defaultConfigurationIsVisible = 0;
			defaultConfigurationName = Release;
		};
		F559F5F01C8725D900E30192 /* Build configuration list for PBXNativeTarget "VideoDemoTests" */ = {
			isa = XCConfigurationList;
			buildConfigurations = (
				F559F5F11C8725D900E30192 /* Debug */,
				F559F5F21C8725D900E30192 /* Release */,
			);
			defaultConfigurationIsVisible = 0;
			defaultConfigurationName = Release;
		};
		F559F5F31C8725D900E30192 /* Build configuration list for PBXNativeTarget "VideoDemoUITests" */ = {
			isa = XCConfigurationList;
			buildConfigurations = (
				F559F5F41C8725D900E30192 /* Debug */,
				F559F5F51C8725D900E30192 /* Release */,
			);
			defaultConfigurationIsVisible = 0;
			defaultConfigurationName = Release;
		};
/* End XCConfigurationList section */
	};
	rootObject = F559F5B81C8725D900E30192 /* Project object */;
}
